
Microsoft Visual Studio Solution File, Format Version 12.00
# Visual Studio 15
VisualStudioVersion = 15.0.27703.2042
MinimumVisualStudioVersion = 10.0.40219.1
Project("{FAE04EC0-301F-11D3-BF4B-00C04F79EFBC}") = "SeleNTest", "SeleNTest\SeleNTest.csproj", "{FE639639-82B9-4B2E-A4A6-1C26E4E561AA}"
EndProject
Global
	GlobalSection(SolutionConfigurationPlatforms) = preSolution
		Debug|Any CPU = Debug|Any CPU
		Release|Any CPU = Release|Any CPU
	EndGlobalSection
	GlobalSection(ProjectConfigurationPlatforms) = postSolution
		{FE639639-82B9-4B2E-A4A6-1C26E4E561AA}.Debug|Any CPU.ActiveCfg = Debug|Any CPU
		{FE639639-82B9-4B2E-A4A6-1C26E4E561AA}.Debug|Any CPU.Build.0 = Debug|Any CPU
		{FE639639-82B9-4B2E-A4A6-1C26E4E561AA}.Release|Any CPU.ActiveCfg = Release|Any CPU
		{FE639639-82B9-4B2E-A4A6-1C26E4E561AA}.Release|Any CPU.Build.0 = Release|Any CPU
	EndGlobalSection
	GlobalSection(SolutionProperties) = preSolution
		HideSolutionNode = FALSE
	EndGlobalSection
	GlobalSection(ExtensibilityGlobals) = postSolution
		SolutionGuid = {6238E8BF-0EF8-42DB-B8BE-79E10FB85906}
	EndGlobalSection
EndGlobal
